
Microsoft Visual Studio Solution File, Format Version 12.00
# Visual Studio Version 16
VisualStudioVersion = 16.0.30114.105
MinimumVisualStudioVersion = 10.0.40219.1
Project("{9A19103F-16F7-4668-BE54-9A1E7A4F7556}") = "Amazonia.BLL", "Amazonia.BLL\Amazonia.BLL.csproj", "{A0E4CE20-3AC9-4154-8122-5D3A5B4B593B}"
EndProject
Project("{9A19103F-16F7-4668-BE54-9A1E7A4F7556}") = "Amazonia.DAL", "Amazonia.DAL\Amazonia.DAL.csproj", "{D9AFA626-C39A-42C6-B280-6D3A2B4CA1F4}"
EndProject
Project("{9A19103F-16F7-4668-BE54-9A1E7A4F7556}") = "Amazonia.WebAPI", "Amazonia.WebAPI\Amazonia.WebAPI.csproj", "{162F9BD4-0BBA-4FFC-B282-957C4185B2F4}"
EndProject
Project("{9A19103F-16F7-4668-BE54-9A1E7A4F7556}") = "Amazonia.WebAPP", "Amazonia.WebAPP\Amazonia.WebAPP.csproj", "{84F6A9BF-4CF7-4856-B949-BC16DD7647DD}"
EndProject
Project("{9A19103F-16F7-4668-BE54-9A1E7A4F7556}") = "Amazonia.ConsoleAPP", "Amazonia.ConsoleAPP\Amazonia.ConsoleAPP.csproj", "{6915CA9A-AC2F-4DC0-BBDB-C8476B036A9A}"
EndProject
Project("{9A19103F-16F7-4668-BE54-9A1E7A4F7556}") = "Amazonia.DAL.Tests", "Amazonia.DAL.Tests\Amazonia.DAL.Tests.csproj", "{31A8A338-809E-46B2-99E6-A3AC9E6C12F9}"
EndProject
Project("{FAE04EC0-301F-11D3-BF4B-00C04F79EFBC}") = "Amazonia.DAO.DataBaseFirst", "Amazonia.DAO.DataBaseFirst\Amazonia.DAO.DataBaseFirst.csproj", "{A9F3C346-1E92-4EFC-804B-6CA4170DAF00}"
EndProject
Global
	GlobalSection(SolutionConfigurationPlatforms) = preSolution
		Debug|Any CPU = Debug|Any CPU
		Debug|x64 = Debug|x64
		Debug|x86 = Debug|x86
		Release|Any CPU = Release|Any CPU
		Release|x64 = Release|x64
		Release|x86 = Release|x86
	EndGlobalSection
	GlobalSection(ProjectConfigurationPlatforms) = postSolution
		{A0E4CE20-3AC9-4154-8122-5D3A5B4B593B}.Debug|Any CPU.ActiveCfg = Debug|Any CPU
		{A0E4CE20-3AC9-4154-8122-5D3A5B4B593B}.Debug|Any CPU.Build.0 = Debug|Any CPU
		{A0E4CE20-3AC9-4154-8122-5D3A5B4B593B}.Debug|x64.ActiveCfg = Debug|Any CPU
		{A0E4CE20-3AC9-4154-8122-5D3A5B4B593B}.Debug|x64.Build.0 = Debug|Any CPU
		{A0E4CE20-3AC9-4154-8122-5D3A5B4B593B}.Debug|x86.ActiveCfg = Debug|Any CPU
		{A0E4CE20-3AC9-4154-8122-5D3A5B4B593B}.Debug|x86.Build.0 = Debug|Any CPU
		{A0E4CE20-3AC9-4154-8122-5D3A5B4B593B}.Release|Any CPU.ActiveCfg = Release|Any CPU
		{A0E4CE20-3AC9-4154-8122-5D3A5B4B593B}.Release|Any CPU.Build.0 = Release|Any CPU
		{A0E4CE20-3AC9-4154-8122-5D3A5B4B593B}.Release|x64.ActiveCfg = Release|Any CPU
		{A0E4CE20-3AC9-4154-8122-5D3A5B4B593B}.Release|x64.Build.0 = Release|Any CPU
		{A0E4CE20-3AC9-4154-8122-5D3A5B4B593B}.Release|x86.ActiveCfg = Release|Any CPU
		{A0E4CE20-3AC9-4154-8122-5D3A5B4B593B}.Release|x86.Build.0 = Release|Any CPU
		{D9AFA626-C39A-42C6-B280-6D3A2B4CA1F4}.Debug|Any CPU.ActiveCfg = Debug|Any CPU
		{D9AFA626-C39A-42C6-B280-6D3A2B4CA1F4}.Debug|Any CPU.Build.0 = Debug|Any CPU
		{D9AFA626-C39A-42C6-B280-6D3A2B4CA1F4}.Debug|x64.ActiveCfg = Debug|Any CPU
		{D9AFA626-C39A-42C6-B280-6D3A2B4CA1F4}.Debug|x64.Build.0 = Debug|Any CPU
		{D9AFA626-C39A-42C6-B280-6D3A2B4CA1F4}.Debug|x86.ActiveCfg = Debug|Any CPU
		{D9AFA626-C39A-42C6-B280-6D3A2B4CA1F4}.Debug|x86.Build.0 = Debug|Any CPU
		{D9AFA626-C39A-42C6-B280-6D3A2B4CA1F4}.Release|Any CPU.ActiveCfg = Release|Any CPU
		{D9AFA626-C39A-42C6-B280-6D3A2B4CA1F4}.Release|Any CPU.Build.0 = Release|Any CPU
		{D9AFA626-C39A-42C6-B280-6D3A2B4CA1F4}.Release|x64.ActiveCfg = Release|Any CPU
		{D9AFA626-C39A-42C6-B280-6D3A2B4CA1F4}.Release|x64.Build.0 = Release|Any CPU
		{D9AFA626-C39A-42C6-B280-6D3A2B4CA1F4}.Release|x86.ActiveCfg = Release|Any CPU
		{D9AFA626-C39A-42C6-B280-6D3A2B4CA1F4}.Release|x86.Build.0 = Release|Any CPU
		{162F9BD4-0BBA-4FFC-B282-957C4185B2F4}.Debug|Any CPU.ActiveCfg = Debug|Any CPU
		{162F9BD4-0BBA-4FFC-B282-957C4185B2F4}.Debug|Any CPU.Build.0 = Debug|Any CPU
		{162F9BD4-0BBA-4FFC-B282-957C4185B2F4}.Debug|x64.ActiveCfg = Debug|Any CPU
		{162F9BD4-0BBA-4FFC-B282-957C4185B2F4}.Debug|x64.Build.0 = Debug|Any CPU
		{162F9BD4-0BBA-4FFC-B282-957C4185B2F4}.Debug|x86.ActiveCfg = Debug|Any CPU
		{162F9BD4-0BBA-4FFC-B282-957C4185B2F4}.Debug|x86.Build.0 = Debug|Any CPU
		{162F9BD4-0BBA-4FFC-B282-957C4185B2F4}.Release|Any CPU.ActiveCfg = Release|Any CPU
		{162F9BD4-0BBA-4FFC-B282-957C4185B2F4}.Release|Any CPU.Build.0 = Release|Any CPU
		{162F9BD4-0BBA-4FFC-B282-957C4185B2F4}.Release|x64.ActiveCfg = Release|Any CPU
		{162F9BD4-0BBA-4FFC-B282-957C4185B2F4}.Release|x64.Build.0 = Release|Any CPU
		{162F9BD4-0BBA-4FFC-B282-957C4185B2F4}.Release|x86.ActiveCfg = Release|Any CPU
		{162F9BD4-0BBA-4FFC-B282-957C4185B2F4}.Release|x86.Build.0 = Release|Any CPU
		{84F6A9BF-4CF7-4856-B949-BC16DD7647DD}.Debug|Any CPU.ActiveCfg = Debug|Any CPU
		{84F6A9BF-4CF7-4856-B949-BC16DD7647DD}.Debug|Any CPU.Build.0 = Debug|Any CPU
		{84F6A9BF-4CF7-4856-B949-BC16DD7647DD}.Debug|x64.ActiveCfg = Debug|Any CPU
		{84F6A9BF-4CF7-4856-B949-BC16DD7647DD}.Debug|x64.Build.0 = Debug|Any CPU
		{84F6A9BF-4CF7-4856-B949-BC16DD7647DD}.Debug|x86.ActiveCfg = Debug|Any CPU
		{84F6A9BF-4CF7-4856-B949-BC16DD7647DD}.Debug|x86.Build.0 = Debug|Any CPU
		{84F6A9BF-4CF7-4856-B949-BC16DD7647DD}.Release|Any CPU.ActiveCfg = Release|Any CPU
		{84F6A9BF-4CF7-4856-B949-BC16DD7647DD}.Release|Any CPU.Build.0 = Release|Any CPU
		{84F6A9BF-4CF7-4856-B949-BC16DD7647DD}.Release|x64.ActiveCfg = Release|Any CPU
		{84F6A9BF-4CF7-4856-B949-BC16DD7647DD}.Release|x64.Build.0 = Release|Any CPU
		{84F6A9BF-4CF7-4856-B949-BC16DD7647DD}.Release|x86.ActiveCfg = Release|Any CPU
		{84F6A9BF-4CF7-4856-B949-BC16DD7647DD}.Release|x86.Build.0 = Release|Any CPU
		{6915CA9A-AC2F-4DC0-BBDB-C8476B036A9A}.Debug|Any CPU.ActiveCfg = Debug|Any CPU
		{6915CA9A-AC2F-4DC0-BBDB-C8476B036A9A}.Debug|Any CPU.Build.0 = Debug|Any CPU
		{6915CA9A-AC2F-4DC0-BBDB-C8476B036A9A}.Debug|x64.ActiveCfg = Debug|Any CPU
		{6915CA9A-AC2F-4DC0-BBDB-C8476B036A9A}.Debug|x64.Build.0 = Debug|Any CPU
		{6915CA9A-AC2F-4DC0-BBDB-C8476B036A9A}.Debug|x86.ActiveCfg = Debug|Any CPU
		{6915CA9A-AC2F-4DC0-BBDB-C8476B036A9A}.Debug|x86.Build.0 = Debug|Any CPU
		{6915CA9A-AC2F-4DC0-BBDB-C8476B036A9A}.Release|Any CPU.ActiveCfg = Release|Any CPU
		{6915CA9A-AC2F-4DC0-BBDB-C8476B036A9A}.Release|Any CPU.Build.0 = Release|Any CPU
		{6915CA9A-AC2F-4DC0-BBDB-C8476B036A9A}.Release|x64.ActiveCfg = Release|Any CPU
		{6915CA9A-AC2F-4DC0-BBDB-C8476B036A9A}.Release|x64.Build.0 = Release|Any CPU
		{6915CA9A-AC2F-4DC0-BBDB-C8476B036A9A}.Release|x86.ActiveCfg = Release|Any CPU
		{6915CA9A-AC2F-4DC0-BBDB-C8476B036A9A}.Release|x86.Build.0 = Release|Any CPU
		{31A8A338-809E-46B2-99E6-A3AC9E6C12F9}.Debug|Any CPU.ActiveCfg = Debug|Any CPU
		{31A8A338-809E-46B2-99E6-A3AC9E6C12F9}.Debug|Any CPU.Build.0 = Debug|Any CPU
		{31A8A338-809E-46B2-99E6-A3AC9E6C12F9}.Debug|x64.ActiveCfg = Debug|Any CPU
		{31A8A338-809E-46B2-99E6-A3AC9E6C12F9}.Debug|x64.Build.0 = Debug|Any CPU
		{31A8A338-809E-46B2-99E6-A3AC9E6C12F9}.Debug|x86.ActiveCfg = Debug|Any CPU
		{31A8A338-809E-46B2-99E6-A3AC9E6C12F9}.Debug|x86.Build.0 = Debug|Any CPU
		{31A8A338-809E-46B2-99E6-A3AC9E6C12F9}.Release|Any CPU.ActiveCfg = Release|Any CPU
		{31A8A338-809E-46B2-99E6-A3AC9E6C12F9}.Release|Any CPU.Build.0 = Release|Any CPU
		{31A8A338-809E-46B2-99E6-A3AC9E6C12F9}.Release|x64.ActiveCfg = Release|Any CPU
		{31A8A338-809E-46B2-99E6-A3AC9E6C12F9}.Release|x64.Build.0 = Release|Any CPU
		{31A8A338-809E-46B2-99E6-A3AC9E6C12F9}.Release|x86.ActiveCfg = Release|Any CPU
		{31A8A338-809E-46B2-99E6-A3AC9E6C12F9}.Release|x86.Build.0 = Release|Any CPU
		{A9F3C346-1E92-4EFC-804B-6CA4170DAF00}.Debug|Any CPU.ActiveCfg = Debug|Any CPU
		{A9F3C346-1E92-4EFC-804B-6CA4170DAF00}.Debug|Any CPU.Build.0 = Debug|Any CPU
		{A9F3C346-1E92-4EFC-804B-6CA4170DAF00}.Debug|x64.ActiveCfg = Debug|Any CPU
		{A9F3C346-1E92-4EFC-804B-6CA4170DAF00}.Debug|x64.Build.0 = Debug|Any CPU
		{A9F3C346-1E92-4EFC-804B-6CA4170DAF00}.Debug|x86.ActiveCfg = Debug|Any CPU
		{A9F3C346-1E92-4EFC-804B-6CA4170DAF00}.Debug|x86.Build.0 = Debug|Any CPU
		{A9F3C346-1E92-4EFC-804B-6CA4170DAF00}.Release|Any CPU.ActiveCfg = Release|Any CPU
		{A9F3C346-1E92-4EFC-804B-6CA4170DAF00}.Release|Any CPU.Build.0 = Release|Any CPU
		{A9F3C346-1E92-4EFC-804B-6CA4170DAF00}.Release|x64.ActiveCfg = Release|Any CPU
		{A9F3C346-1E92-4EFC-804B-6CA4170DAF00}.Release|x64.Build.0 = Release|Any CPU
		{A9F3C346-1E92-4EFC-804B-6CA4170DAF00}.Release|x86.ActiveCfg = Release|Any CPU
		{A9F3C346-1E92-4EFC-804B-6CA4170DAF00}.Release|x86.Build.0 = Release|Any CPU
	EndGlobalSection
	GlobalSection(SolutionProperties) = preSolution
		HideSolutionNode = FALSE
	EndGlobalSection
	GlobalSection(ExtensibilityGlobals) = postSolution
		SolutionGuid = {4D3114D8-50C2-4C97-AF6A-96FFF59ED661}
	EndGlobalSection
EndGlobal
